
Microsoft Visual Studio Solution File, Format Version 12.00
# Visual Studio Version 16
VisualStudioVersion = 16.0.30114.105
MinimumVisualStudioVersion = 10.0.40219.1
Project("{FAE04EC0-301F-11D3-BF4B-00C04F79EFBC}") = "RegisterCredentials.Api", "RegisterCredentials.Api\RegisterCredentials.Api.csproj", "{D4B73F08-A8F1-450B-AD57-3867ACBAFD51}"
EndProject
Project("{FAE04EC0-301F-11D3-BF4B-00C04F79EFBC}") = "RegisterCredentials.Domain", "RegisterCredentials.Domain\RegisterCredentials.Domain.csproj", "{34FC04CD-6B84-48D1-8179-94A6B9E72079}"
EndProject
Project("{FAE04EC0-301F-11D3-BF4B-00C04F79EFBC}") = "RegisterCredentials.Infra", "RegisterCredentials.Infra\RegisterCredentials.Infra.csproj", "{D3AA4962-7B46-4A02-8045-48F994AC8911}"
EndProject
Global
	GlobalSection(SolutionConfigurationPlatforms) = preSolution
		Debug|Any CPU = Debug|Any CPU
		Release|Any CPU = Release|Any CPU
	EndGlobalSection
	GlobalSection(SolutionProperties) = preSolution
		HideSolutionNode = FALSE
	EndGlobalSection
	GlobalSection(ProjectConfigurationPlatforms) = postSolution
		{D4B73F08-A8F1-450B-AD57-3867ACBAFD51}.Debug|Any CPU.ActiveCfg = Debug|Any CPU
		{D4B73F08-A8F1-450B-AD57-3867ACBAFD51}.Debug|Any CPU.Build.0 = Debug|Any CPU
		{D4B73F08-A8F1-450B-AD57-3867ACBAFD51}.Release|Any CPU.ActiveCfg = Release|Any CPU
		{D4B73F08-A8F1-450B-AD57-3867ACBAFD51}.Release|Any CPU.Build.0 = Release|Any CPU
		{34FC04CD-6B84-48D1-8179-94A6B9E72079}.Debug|Any CPU.ActiveCfg = Debug|Any CPU
		{34FC04CD-6B84-48D1-8179-94A6B9E72079}.Debug|Any CPU.Build.0 = Debug|Any CPU
		{34FC04CD-6B84-48D1-8179-94A6B9E72079}.Release|Any CPU.ActiveCfg = Release|Any CPU
		{34FC04CD-6B84-48D1-8179-94A6B9E72079}.Release|Any CPU.Build.0 = Release|Any CPU
		{D3AA4962-7B46-4A02-8045-48F994AC8911}.Debug|Any CPU.ActiveCfg = Debug|Any CPU
		{D3AA4962-7B46-4A02-8045-48F994AC8911}.Debug|Any CPU.Build.0 = Debug|Any CPU
		{D3AA4962-7B46-4A02-8045-48F994AC8911}.Release|Any CPU.ActiveCfg = Release|Any CPU
		{D3AA4962-7B46-4A02-8045-48F994AC8911}.Release|Any CPU.Build.0 = Release|Any CPU
	EndGlobalSection
EndGlobal
